// !$*UTF8*$!
{
	archiveVersion = 1;
	classes = {
	};
	objectVersion = 46;
	objects = {

/* Begin PBXBuildFile section */
		1EF4C2D380A4A08E38174C07 /* SystemConfiguration.framework in Frameworks */ = {isa = PBXBuildFile; fileRef = 48C87228CCFBBA0C1B1543CE /* SystemConfiguration.framework */; };
		2188E82E5B76303556330E4E /* SystemConfiguration.framework in Frameworks */ = {isa = PBXBuildFile; fileRef = 19BC651BD1BAB11C59DF7B0B /* SystemConfiguration.framework */; };
		4FF699B8C0C3D2A474D9A9BB /* CoreMotion.framework in Frameworks */ = {isa = PBXBuildFile; fileRef = 3955B3301AC7A8DACC06A4FC /* CoreMotion.framework */; };
		73244D5DD1CE75BF21DA6FB4 /* CoreTelephony.framework in Frameworks */ = {isa = PBXBuildFile; fileRef = BE61FC67FE0775CF0EEBDE37 /* CoreTelephony.framework */; };
		7EE96D6028DBD8B31EE6E3BC /* meta.config in Resources */ = {isa = PBXBuildFile; fileRef = 505EEA514EE16B80C5DB642F /* meta.config */; };
		89CEB4E9A7017189254A0163 /* CoreTelephony.framework in Frameworks */ = {isa = PBXBuildFile; fileRef = E020FB8A942504D5487C5076 /* CoreTelephony.framework */; };
		8E5DB6087BB808F0A97B0825 /* yw_1222.jpg in Resources */ = {isa = PBXBuildFile; fileRef = 15896FB48B0111ABC389AD6D /* yw_1222.jpg */; };
		A2BE764F5E12852CEA189A62 /* WebKit.framework in Frameworks */ = {isa = PBXBuildFile; fileRef = CBB24C1F3585629BDFBB1386 /* WebKit.framework */; };
		A4E3AE20A40A1E3872EBF3ED /* libPods-MPScanCodeDemo_pod.a in Frameworks */ = {isa = PBXBuildFile; fileRef = 51A77BD00B19D8CE39A2C5A4 /* libPods-MPScanCodeDemo_pod.a */; };
		B869F9A73ED044450F20B3D8 /* CoreMotion.framework in Frameworks */ = {isa = PBXBuildFile; fileRef = A011862B59F1BA356AEA253E /* CoreMotion.framework */; };
		B87268A2156B78DF2C761A0D /* MPaaSInterface+MPScanCodeDemo_pod.m in Sources */ = {isa = PBXBuildFile; fileRef = 1FEDA1B826B84A48F597C851 /* MPaaSInterface+MPScanCodeDemo_pod.m */; };
		E425FE83224CA8B700B1311E /* DemoViewController.m in Sources */ = {isa = PBXBuildFile; fileRef = E425FE81224CA8B700B1311E /* DemoViewController.m */; };
		E425FE86224CA8DF00B1311E /* MPScanCodeViewController.m in Sources */ = {isa = PBXBuildFile; fileRef = E425FE85224CA8DF00B1311E /* MPScanCodeViewController.m */; };
		E425FE8A224CA8EB00B1311E /* MPScanDemoVC.m in Sources */ = {isa = PBXBuildFile; fileRef = E425FE87224CA8EB00B1311E /* MPScanDemoVC.m */; };
		E43E7C6B21D1077E00D9E31A /* AppDelegate.m in Sources */ = {isa = PBXBuildFile; fileRef = E43E7C6A21D1077E00D9E31A /* AppDelegate.m */; };
		E43E7C7121D1077E00D9E31A /* Main.storyboard in Resources */ = {isa = PBXBuildFile; fileRef = E43E7C6F21D1077E00D9E31A /* Main.storyboard */; };
		E43E7C7321D1077E00D9E31A /* Assets.xcassets in Resources */ = {isa = PBXBuildFile; fileRef = E43E7C7221D1077E00D9E31A /* Assets.xcassets */; };
		E43E7C7621D1077E00D9E31A /* LaunchScreen.storyboard in Resources */ = {isa = PBXBuildFile; fileRef = E43E7C7421D1077E00D9E31A /* LaunchScreen.storyboard */; };
		E43E7C7921D1077E00D9E31A /* main.m in Sources */ = {isa = PBXBuildFile; fileRef = E43E7C7821D1077E00D9E31A /* main.m */; };
		ED75285917C3D816156B7C4E /* WebKit.framework in Frameworks */ = {isa = PBXBuildFile; fileRef = 6899A43D526739ABE47CF402 /* WebKit.framework */; };
/* End PBXBuildFile section */

/* Begin PBXFileReference section */
		011E617F6A95991FAF0A5596 /* MPaaSInterface+MPScanCodeDemo_pod.h */ = {isa = PBXFileReference; includeInIndex = 1; lastKnownFileType = sourcecode.c.h; path = "MPaaSInterface+MPScanCodeDemo_pod.h"; sourceTree = "<group>"; };
		028A423E1EA2E18F4ED3BDDD /* MPScanCodeDemo_pod-mPaaS-Headers.h */ = {isa = PBXFileReference; includeInIndex = 1; lastKnownFileType = sourcecode.c.h; path = "MPScanCodeDemo_pod-mPaaS-Headers.h"; sourceTree = "<group>"; };
		12C82DE33AEA23D649D30E66 /* Pods-MPScanCodeDemo_pod.debug.xcconfig */ = {isa = PBXFileReference; includeInIndex = 1; lastKnownFileType = text.xcconfig; name = "Pods-MPScanCodeDemo_pod.debug.xcconfig"; path = "Pods/Target Support Files/Pods-MPScanCodeDemo_pod/Pods-MPScanCodeDemo_pod.debug.xcconfig"; sourceTree = "<group>"; };
		15896FB48B0111ABC389AD6D /* yw_1222.jpg */ = {isa = PBXFileReference; includeInIndex = 1; lastKnownFileType = image.jpeg; path = yw_1222.jpg; sourceTree = "<group>"; };
		19BC651BD1BAB11C59DF7B0B /* SystemConfiguration.framework */ = {isa = PBXFileReference; lastKnownFileType = wrapper.framework; name = SystemConfiguration.framework; path = Platforms/iPhoneOS.platform/Developer/SDKs/iPhoneOS12.2.sdk/System/Library/Frameworks/SystemConfiguration.framework; sourceTree = DEVELOPER_DIR; };
		1FEDA1B826B84A48F597C851 /* MPaaSInterface+MPScanCodeDemo_pod.m */ = {isa = PBXFileReference; includeInIndex = 1; lastKnownFileType = sourcecode.c.objc; path = "MPaaSInterface+MPScanCodeDemo_pod.m"; sourceTree = "<group>"; };
		2FAA1D5D53EE6E66E3B91619 /* MPScanCodeDemo_pod-Prefix.pch */ = {isa = PBXFileReference; includeInIndex = 1; lastKnownFileType = sourcecode.c.h; name = "MPScanCodeDemo_pod-Prefix.pch"; path = "../../../MPScanCodeDemo_pod/MPScanCodeDemo_pod-Prefix.pch"; sourceTree = "<group>"; };
		3955B3301AC7A8DACC06A4FC /* CoreMotion.framework */ = {isa = PBXFileReference; lastKnownFileType = wrapper.framework; name = CoreMotion.framework; path = Platforms/iPhoneOS.platform/Developer/SDKs/iPhoneOS12.2.sdk/System/Library/Frameworks/CoreMotion.framework; sourceTree = DEVELOPER_DIR; };
		48C87228CCFBBA0C1B1543CE /* SystemConfiguration.framework */ = {isa = PBXFileReference; lastKnownFileType = wrapper.framework; name = SystemConfiguration.framework; path = Platforms/iPhoneOS.platform/Developer/SDKs/iPhoneOS12.0.sdk/System/Library/Frameworks/SystemConfiguration.framework; sourceTree = DEVELOPER_DIR; };
		505EEA514EE16B80C5DB642F /* meta.config */ = {isa = PBXFileReference; includeInIndex = 1; lastKnownFileType = text; path = meta.config; sourceTree = "<group>"; };
		51A77BD00B19D8CE39A2C5A4 /* libPods-MPScanCodeDemo_pod.a */ = {isa = PBXFileReference; explicitFileType = archive.ar; includeInIndex = 0; path = "libPods-MPScanCodeDemo_pod.a"; sourceTree = BUILT_PRODUCTS_DIR; };
		6899A43D526739ABE47CF402 /* WebKit.framework */ = {isa = PBXFileReference; lastKnownFileType = wrapper.framework; name = WebKit.framework; path = Platforms/iPhoneOS.platform/Developer/SDKs/iPhoneOS12.0.sdk/System/Library/Frameworks/WebKit.framework; sourceTree = DEVELOPER_DIR; };
		A011862B59F1BA356AEA253E /* CoreMotion.framework */ = {isa = PBXFileReference; lastKnownFileType = wrapper.framework; name = CoreMotion.framework; path = Platforms/iPhoneOS.platform/Developer/SDKs/iPhoneOS12.0.sdk/System/Library/Frameworks/CoreMotion.framework; sourceTree = DEVELOPER_DIR; };
		B8B156C097A660F3C426C448 /* Pods-MPScanCodeDemo_pod.release.xcconfig */ = {isa = PBXFileReference; includeInIndex = 1; lastKnownFileType = text.xcconfig; name = "Pods-MPScanCodeDemo_pod.release.xcconfig"; path = "Pods/Target Support Files/Pods-MPScanCodeDemo_pod/Pods-MPScanCodeDemo_pod.release.xcconfig"; sourceTree = "<group>"; };
		BE61FC67FE0775CF0EEBDE37 /* CoreTelephony.framework */ = {isa = PBXFileReference; lastKnownFileType = wrapper.framework; name = CoreTelephony.framework; path = Platforms/iPhoneOS.platform/Developer/SDKs/iPhoneOS12.2.sdk/System/Library/Frameworks/CoreTelephony.framework; sourceTree = DEVELOPER_DIR; };
		CBB24C1F3585629BDFBB1386 /* WebKit.framework */ = {isa = PBXFileReference; lastKnownFileType = wrapper.framework; name = WebKit.framework; path = Platforms/iPhoneOS.platform/Developer/SDKs/iPhoneOS12.2.sdk/System/Library/Frameworks/WebKit.framework; sourceTree = DEVELOPER_DIR; };
		E020FB8A942504D5487C5076 /* CoreTelephony.framework */ = {isa = PBXFileReference; lastKnownFileType = wrapper.framework; name = CoreTelephony.framework; path = Platforms/iPhoneOS.platform/Developer/SDKs/iPhoneOS12.0.sdk/System/Library/Frameworks/CoreTelephony.framework; sourceTree = DEVELOPER_DIR; };
		E425FE81224CA8B700B1311E /* DemoViewController.m */ = {isa = PBXFileReference; fileEncoding = 4; lastKnownFileType = sourcecode.c.objc; path = DemoViewController.m; sourceTree = "<group>"; };
		E425FE82224CA8B700B1311E /* DemoViewController.h */ = {isa = PBXFileReference; fileEncoding = 4; lastKnownFileType = sourcecode.c.h; path = DemoViewController.h; sourceTree = "<group>"; };
		E425FE84224CA8DF00B1311E /* MPScanCodeViewController.h */ = {isa = PBXFileReference; lastKnownFileType = sourcecode.c.h; path = MPScanCodeViewController.h; sourceTree = "<group>"; };
		E425FE85224CA8DF00B1311E /* MPScanCodeViewController.m */ = {isa = PBXFileReference; lastKnownFileType = sourcecode.c.objc; path = MPScanCodeViewController.m; sourceTree = "<group>"; };
		E425FE87224CA8EB00B1311E /* MPScanDemoVC.m */ = {isa = PBXFileReference; fileEncoding = 4; lastKnownFileType = sourcecode.c.objc; path = MPScanDemoVC.m; sourceTree = "<group>"; };
		E425FE88224CA8EB00B1311E /* MPScanDemoDef.h */ = {isa = PBXFileReference; fileEncoding = 4; lastKnownFileType = sourcecode.c.h; path = MPScanDemoDef.h; sourceTree = "<group>"; };
		E425FE89224CA8EB00B1311E /* MPScanDemoVC.h */ = {isa = PBXFileReference; fileEncoding = 4; lastKnownFileType = sourcecode.c.h; path = MPScanDemoVC.h; sourceTree = "<group>"; };
		E43E7C6621D1077E00D9E31A /* MPScanCodeDemo_pod.app */ = {isa = PBXFileReference; explicitFileType = wrapper.application; includeInIndex = 0; path = MPScanCodeDemo_pod.app; sourceTree = BUILT_PRODUCTS_DIR; };
		E43E7C6921D1077E00D9E31A /* AppDelegate.h */ = {isa = PBXFileReference; lastKnownFileType = sourcecode.c.h; path = AppDelegate.h; sourceTree = "<group>"; };
		E43E7C6A21D1077E00D9E31A /* AppDelegate.m */ = {isa = PBXFileReference; lastKnownFileType = sourcecode.c.objc; path = AppDelegate.m; sourceTree = "<group>"; };
		E43E7C7021D1077E00D9E31A /* Base */ = {isa = PBXFileReference; lastKnownFileType = file.storyboard; name = Base; path = Base.lproj/Main.storyboard; sourceTree = "<group>"; };
		E43E7C7221D1077E00D9E31A /* Assets.xcassets */ = {isa = PBXFileReference; lastKnownFileType = folder.assetcatalog; path = Assets.xcassets; sourceTree = "<group>"; };
		E43E7C7521D1077E00D9E31A /* Base */ = {isa = PBXFileReference; lastKnownFileType = file.storyboard; name = Base; path = Base.lproj/LaunchScreen.storyboard; sourceTree = "<group>"; };
		E43E7C7721D1077E00D9E31A /* Info.plist */ = {isa = PBXFileReference; lastKnownFileType = text.plist.xml; path = Info.plist; sourceTree = "<group>"; };
		E43E7C7821D1077E00D9E31A /* main.m */ = {isa = PBXFileReference; lastKnownFileType = sourcecode.c.objc; path = main.m; sourceTree = "<group>"; };
		E43E7C8221D1095B00D9E31A /* MPScanCodeDemo_pod-Prefix.pch */ = {isa = PBXFileReference; lastKnownFileType = sourcecode.c.h; path = "MPScanCodeDemo_pod-Prefix.pch"; sourceTree = "<group>"; };
		E43E7C8621D1446400D9E31A /* MPScanCodeDemo_pod.entitlements */ = {isa = PBXFileReference; lastKnownFileType = text.plist.entitlements; path = MPScanCodeDemo_pod.entitlements; sourceTree = "<group>"; };
/* End PBXFileReference section */

/* Begin PBXFrameworksBuildPhase section */
		E43E7C6321D1077E00D9E31A /* Frameworks */ = {
			isa = PBXFrameworksBuildPhase;
			buildActionMask = 2147483647;
			files = (
				ED75285917C3D816156B7C4E /* WebKit.framework in Frameworks */,
				B869F9A73ED044450F20B3D8 /* CoreMotion.framework in Frameworks */,
				89CEB4E9A7017189254A0163 /* CoreTelephony.framework in Frameworks */,
				1EF4C2D380A4A08E38174C07 /* SystemConfiguration.framework in Frameworks */,
				A4E3AE20A40A1E3872EBF3ED /* libPods-MPScanCodeDemo_pod.a in Frameworks */,
				A2BE764F5E12852CEA189A62 /* WebKit.framework in Frameworks */,
				4FF699B8C0C3D2A474D9A9BB /* CoreMotion.framework in Frameworks */,
				73244D5DD1CE75BF21DA6FB4 /* CoreTelephony.framework in Frameworks */,
				2188E82E5B76303556330E4E /* SystemConfiguration.framework in Frameworks */,
			);
			runOnlyForDeploymentPostprocessing = 0;
		};
/* End PBXFrameworksBuildPhase section */

/* Begin PBXGroup section */
		1B352E4EFF67907AC967A898 /* Frameworks */ = {
			isa = PBXGroup;
			children = (
				D7209F5B8F9D9E29CE073C2E /* iOS */,
				51A77BD00B19D8CE39A2C5A4 /* libPods-MPScanCodeDemo_pod.a */,
			);
			name = Frameworks;
			sourceTree = "<group>";
		};
		450C622455195F7F19F801A6 /* MPScanCodeDemo_pod */ = {
			isa = PBXGroup;
			children = (
				15896FB48B0111ABC389AD6D /* yw_1222.jpg */,
				028A423E1EA2E18F4ED3BDDD /* MPScanCodeDemo_pod-mPaaS-Headers.h */,
				2FAA1D5D53EE6E66E3B91619 /* MPScanCodeDemo_pod-Prefix.pch */,
				4ADD4995965B77B37C39E511 /* mPaas */,
				505EEA514EE16B80C5DB642F /* meta.config */,
			);
			path = MPScanCodeDemo_pod;
			sourceTree = "<group>";
		};
		4ADD4995965B77B37C39E511 /* mPaas */ = {
			isa = PBXGroup;
			children = (
				011E617F6A95991FAF0A5596 /* MPaaSInterface+MPScanCodeDemo_pod.h */,
				1FEDA1B826B84A48F597C851 /* MPaaSInterface+MPScanCodeDemo_pod.m */,
			);
			path = mPaas;
			sourceTree = "<group>";
		};
		98825D4ECCF40B61FA0B0C57 /* Pods */ = {
			isa = PBXGroup;
			children = (
				12C82DE33AEA23D649D30E66 /* Pods-MPScanCodeDemo_pod.debug.xcconfig */,
				B8B156C097A660F3C426C448 /* Pods-MPScanCodeDemo_pod.release.xcconfig */,
			);
			name = Pods;
			sourceTree = "<group>";
		};
		CE36BF40A8346A908544588E /* MPaaS */ = {
			isa = PBXGroup;
			children = (
				DE296B372D494EA1325F61DC /* Targets */,
			);
			path = MPaaS;
			sourceTree = "<group>";
		};
		D7209F5B8F9D9E29CE073C2E /* iOS */ = {
			isa = PBXGroup;
			children = (
				6899A43D526739ABE47CF402 /* WebKit.framework */,
				A011862B59F1BA356AEA253E /* CoreMotion.framework */,
				E020FB8A942504D5487C5076 /* CoreTelephony.framework */,
				48C87228CCFBBA0C1B1543CE /* SystemConfiguration.framework */,
				CBB24C1F3585629BDFBB1386 /* WebKit.framework */,
				3955B3301AC7A8DACC06A4FC /* CoreMotion.framework */,
				BE61FC67FE0775CF0EEBDE37 /* CoreTelephony.framework */,
				19BC651BD1BAB11C59DF7B0B /* SystemConfiguration.framework */,
			);
			name = iOS;
			sourceTree = "<group>";
		};
		DE296B372D494EA1325F61DC /* Targets */ = {
			isa = PBXGroup;
			children = (
				450C622455195F7F19F801A6 /* MPScanCodeDemo_pod */,
			);
			path = Targets;
			sourceTree = "<group>";
		};
		E43E7C5D21D1077E00D9E31A = {
			isa = PBXGroup;
			children = (
				E43E7C6821D1077E00D9E31A /* MPScanCodeDemo_pod */,
				E43E7C6721D1077E00D9E31A /* Products */,
				1B352E4EFF67907AC967A898 /* Frameworks */,
				CE36BF40A8346A908544588E /* MPaaS */,
				98825D4ECCF40B61FA0B0C57 /* Pods */,
			);
			sourceTree = "<group>";
		};
		E43E7C6721D1077E00D9E31A /* Products */ = {
			isa = PBXGroup;
			children = (
				E43E7C6621D1077E00D9E31A /* MPScanCodeDemo_pod.app */,
			);
			name = Products;
			sourceTree = "<group>";
		};
		E43E7C6821D1077E00D9E31A /* MPScanCodeDemo_pod */ = {
			isa = PBXGroup;
			children = (
				E43E7C8621D1446400D9E31A /* MPScanCodeDemo_pod.entitlements */,
				E43E7C7F21D108B900D9E31A /* Sources */,
				E43E7C8021D108C100D9E31A /* Resources */,
				E43E7C8321D109ED00D9E31A /* Supporting Files */,
			);
			path = MPScanCodeDemo_pod;
			sourceTree = "<group>";
		};
		E43E7C7F21D108B900D9E31A /* Sources */ = {
			isa = PBXGroup;
			children = (
				E425FE88224CA8EB00B1311E /* MPScanDemoDef.h */,
				E425FE89224CA8EB00B1311E /* MPScanDemoVC.h */,
				E425FE87224CA8EB00B1311E /* MPScanDemoVC.m */,
				E43E7C6921D1077E00D9E31A /* AppDelegate.h */,
				E43E7C6A21D1077E00D9E31A /* AppDelegate.m */,
				E425FE82224CA8B700B1311E /* DemoViewController.h */,
				E425FE81224CA8B700B1311E /* DemoViewController.m */,
				E425FE84224CA8DF00B1311E /* MPScanCodeViewController.h */,
				E425FE85224CA8DF00B1311E /* MPScanCodeViewController.m */,
			);
			path = Sources;
			sourceTree = "<group>";
		};
		E43E7C8021D108C100D9E31A /* Resources */ = {
			isa = PBXGroup;
			children = (
				E43E7C6F21D1077E00D9E31A /* Main.storyboard */,
				E43E7C7221D1077E00D9E31A /* Assets.xcassets */,
				E43E7C7421D1077E00D9E31A /* LaunchScreen.storyboard */,
			);
			path = Resources;
			sourceTree = "<group>";
		};
		E43E7C8321D109ED00D9E31A /* Supporting Files */ = {
			isa = PBXGroup;
			children = (
				E43E7C7721D1077E00D9E31A /* Info.plist */,
				E43E7C7821D1077E00D9E31A /* main.m */,
				E43E7C8221D1095B00D9E31A /* MPScanCodeDemo_pod-Prefix.pch */,
			);
			name = "Supporting Files";
			sourceTree = "<group>";
		};
/* End PBXGroup section */

/* Begin PBXNativeTarget section */
		E43E7C6521D1077E00D9E31A /* MPScanCodeDemo_pod */ = {
			isa = PBXNativeTarget;
			buildConfigurationList = E43E7C7C21D1077E00D9E31A /* Build configuration list for PBXNativeTarget "MPScanCodeDemo_pod" */;
			buildPhases = (
				C194EA04312CFC180700F4B9 /* [CP] Check Pods Manifest.lock */,
				E43E7C6221D1077E00D9E31A /* Sources */,
				E43E7C6321D1077E00D9E31A /* Frameworks */,
				E43E7C6421D1077E00D9E31A /* Resources */,
				C69BCCBD89EF59397A4D81F8 /* [CP] Copy Pods Resources */,
			);
			buildRules = (
			);
			dependencies = (
			);
			name = MPScanCodeDemo_pod;
			productName = MPScanCodeDemo_pod;
			productReference = E43E7C6621D1077E00D9E31A /* MPScanCodeDemo_pod.app */;
			productType = "com.apple.product-type.application";
		};
/* End PBXNativeTarget section */

/* Begin PBXProject section */
		E43E7C5E21D1077E00D9E31A /* Project object */ = {
			isa = PBXProject;
			attributes = {
				LastUpgradeCheck = 1010;
				ORGANIZATIONNAME = Alibaba;
				TargetAttributes = {
					E43E7C6521D1077E00D9E31A = {
						CreatedOnToolsVersion = 10.1;
						DevelopmentTeam = NWNC46252S;
						ProvisioningStyle = Automatic;
						SystemCapabilities = {
							com.apple.BackgroundModes = {
								enabled = 1;
							};
							com.apple.Push = {
								enabled = 1;
							};
						};
					};
				};
			};
			buildConfigurationList = E43E7C6121D1077E00D9E31A /* Build configuration list for PBXProject "MPScanCodeDemo_pod" */;
			compatibilityVersion = "Xcode 3.2";
			developmentRegion = en;
			hasScannedForEncodings = 0;
			knownRegions = (
				en,
				Base,
			);
			mainGroup = E43E7C5D21D1077E00D9E31A;
			productRefGroup = E43E7C6721D1077E00D9E31A /* Products */;
			projectDirPath = "";
			projectRoot = "";
			targets = (
				E43E7C6521D1077E00D9E31A /* MPScanCodeDemo_pod */,
			);
		};
/* End PBXProject section */

/* Begin PBXResourcesBuildPhase section */
		E43E7C6421D1077E00D9E31A /* Resources */ = {
			isa = PBXResourcesBuildPhase;
			buildActionMask = 2147483647;
			files = (
				E43E7C7621D1077E00D9E31A /* LaunchScreen.storyboard in Resources */,
				E43E7C7321D1077E00D9E31A /* Assets.xcassets in Resources */,
				E43E7C7121D1077E00D9E31A /* Main.storyboard in Resources */,
				8E5DB6087BB808F0A97B0825 /* yw_1222.jpg in Resources */,
				7EE96D6028DBD8B31EE6E3BC /* meta.config in Resources */,
			);
			runOnlyForDeploymentPostprocessing = 0;
		};
/* End PBXResourcesBuildPhase section */

/* Begin PBXShellScriptBuildPhase section */
		C194EA04312CFC180700F4B9 /* [CP] Check Pods Manifest.lock */ = {
			isa = PBXShellScriptBuildPhase;
			buildActionMask = 2147483647;
			files = (
			);
			inputFileListPaths = (
			);
			inputPaths = (
				"${PODS_PODFILE_DIR_PATH}/Podfile.lock",
				"${PODS_ROOT}/Manifest.lock",
			);
			name = "[CP] Check Pods Manifest.lock";
			outputFileListPaths = (
			);
			outputPaths = (
				"$(DERIVED_FILE_DIR)/Pods-MPScanCodeDemo_pod-checkManifestLockResult.txt",
			);
			runOnlyForDeploymentPostprocessing = 0;
			shellPath = /bin/sh;
			shellScript = "diff \"${PODS_PODFILE_DIR_PATH}/Podfile.lock\" \"${PODS_ROOT}/Manifest.lock\" > /dev/null\nif [ $? != 0 ] ; then\n    # print error to STDERR\n    echo \"error: The sandbox is not in sync with the Podfile.lock. Run 'pod install' or update your CocoaPods installation.\" >&2\n    exit 1\nfi\n# This output is used by Xcode 'outputs' to avoid re-running this script phase.\necho \"SUCCESS\" > \"${SCRIPT_OUTPUT_FILE_0}\"\n";
			showEnvVarsInLog = 0;
		};
		C69BCCBD89EF59397A4D81F8 /* [CP] Copy Pods Resources */ = {
			isa = PBXShellScriptBuildPhase;
			buildActionMask = 2147483647;
			files = (
			);
			inputFileListPaths = (
			);
			inputPaths = (
				"${SRCROOT}/Pods/Target Support Files/Pods-MPScanCodeDemo_pod/Pods-MPScanCodeDemo_pod-resources.sh",
				"${PODS_ROOT}/APRemoteLogging/APRemoteLogging.framework/APRemoteLogging.bundle",
				"${PODS_ROOT}/AntUI/AntUI.framework/APCommonUI.bundle",
				"${PODS_ROOT}/MPBadgeService/MPBadgeService.framework/MPBadgeService.bundle",
				"${PODS_ROOT}/TBScanSDK/TBScanSDK.framework/TBScanSDK.bundle",
				"${PODS_ROOT}/TBScanSDK/TBDecodeSDK.framework/TBDecodeSDK.bundle",
			);
			name = "[CP] Copy Pods Resources";
			outputFileListPaths = (
			);
			outputPaths = (
				"${TARGET_BUILD_DIR}/${UNLOCALIZED_RESOURCES_FOLDER_PATH}/APRemoteLogging.bundle",
				"${TARGET_BUILD_DIR}/${UNLOCALIZED_RESOURCES_FOLDER_PATH}/APCommonUI.bundle",
				"${TARGET_BUILD_DIR}/${UNLOCALIZED_RESOURCES_FOLDER_PATH}/MPBadgeService.bundle",
				"${TARGET_BUILD_DIR}/${UNLOCALIZED_RESOURCES_FOLDER_PATH}/TBScanSDK.bundle",
				"${TARGET_BUILD_DIR}/${UNLOCALIZED_RESOURCES_FOLDER_PATH}/TBDecodeSDK.bundle",
			);
			runOnlyForDeploymentPostprocessing = 0;
			shellPath = /bin/sh;
			shellScript = "\"${SRCROOT}/Pods/Target Support Files/Pods-MPScanCodeDemo_pod/Pods-MPScanCodeDemo_pod-resources.sh\"\n";
			showEnvVarsInLog = 0;
		};
/* End PBXShellScriptBuildPhase section */

/* Begin PBXSourcesBuildPhase section */
		E43E7C6221D1077E00D9E31A /* Sources */ = {
			isa = PBXSourcesBuildPhase;
			buildActionMask = 2147483647;
			files = (
				E425FE86224CA8DF00B1311E /* MPScanCodeViewController.m in Sources */,
				E43E7C7921D1077E00D9E31A /* main.m in Sources */,
				E43E7C6B21D1077E00D9E31A /* AppDelegate.m in Sources */,
				E425FE83224CA8B700B1311E /* DemoViewController.m in Sources */,
				B87268A2156B78DF2C761A0D /* MPaaSInterface+MPScanCodeDemo_pod.m in Sources */,
				E425FE8A224CA8EB00B1311E /* MPScanDemoVC.m in Sources */,
			);
			runOnlyForDeploymentPostprocessing = 0;
		};
/* End PBXSourcesBuildPhase section */

/* Begin PBXVariantGroup section */
		E43E7C6F21D1077E00D9E31A /* Main.storyboard */ = {
			isa = PBXVariantGroup;
			children = (
				E43E7C7021D1077E00D9E31A /* Base */,
			);
			name = Main.storyboard;
			sourceTree = "<group>";
		};
		E43E7C7421D1077E00D9E31A /* LaunchScreen.storyboard */ = {
			isa = PBXVariantGroup;
			children = (
				E43E7C7521D1077E00D9E31A /* Base */,
			);
			name = LaunchScreen.storyboard;
			sourceTree = "<group>";
		};
/* End PBXVariantGroup section */

/* Begin XCBuildConfiguration section */
		E43E7C7A21D1077E00D9E31A /* Debug */ = {
			isa = XCBuildConfiguration;
			buildSettings = {
				ALWAYS_SEARCH_USER_PATHS = NO;
				CLANG_ANALYZER_NONNULL = YES;
				CLANG_ANALYZER_NUMBER_OBJECT_CONVERSION = YES_AGGRESSIVE;
				CLANG_CXX_LANGUAGE_STANDARD = "gnu++14";
				CLANG_CXX_LIBRARY = "libc++";
				CLANG_ENABLE_MODULES = YES;
				CLANG_ENABLE_OBJC_ARC = YES;
				CLANG_ENABLE_OBJC_WEAK = YES;
				CLANG_WARN_BLOCK_CAPTURE_AUTORELEASING = YES;
				CLANG_WARN_BOOL_CONVERSION = YES;
				CLANG_WARN_COMMA = YES;
				CLANG_WARN_CONSTANT_CONVERSION = YES;
				CLANG_WARN_DEPRECATED_OBJC_IMPLEMENTATIONS = YES;
				CLANG_WARN_DIRECT_OBJC_ISA_USAGE = YES_ERROR;
				CLANG_WARN_DOCUMENTATION_COMMENTS = YES;
				CLANG_WARN_EMPTY_BODY = YES;
				CLANG_WARN_ENUM_CONVERSION = YES;
				CLANG_WARN_INFINITE_RECURSION = YES;
				CLANG_WARN_INT_CONVERSION = YES;
				CLANG_WARN_NON_LITERAL_NULL_CONVERSION = YES;
				CLANG_WARN_OBJC_IMPLICIT_RETAIN_SELF = YES;
				CLANG_WARN_OBJC_LITERAL_CONVERSION = YES;
				CLANG_WARN_OBJC_ROOT_CLASS = YES_ERROR;
				CLANG_WARN_RANGE_LOOP_ANALYSIS = YES;
				CLANG_WARN_STRICT_MPScanCodeDemo_podS = YES;
				CLANG_WARN_SUSPICIOUS_MOVE = YES;
				CLANG_WARN_UNGUARDED_AVAILABILITY = YES_AGGRESSIVE;
				CLANG_WARN_UNREACHABLE_CODE = YES;
				CLANG_WARN__DUPLICATE_METHOD_MATCH = YES;
				CODE_SIGN_IDENTITY = "iPhone Developer";
				COPY_PHASE_STRIP = NO;
				DEBUG_INFORMATION_FORMAT = dwarf;
				ENABLE_STRICT_OBJC_MSGSEND = YES;
				ENABLE_TESTABILITY = YES;
				GCC_C_LANGUAGE_STANDARD = gnu11;
				GCC_DYNAMIC_NO_PIC = NO;
				GCC_NO_COMMON_BLOCKS = YES;
				GCC_OPTIMIZATION_LEVEL = 0;
				GCC_PREPROCESSOR_DEFINITIONS = (
					"DEBUG=1",
					"$(inherited)",
				);
				GCC_WARN_64_TO_32_BIT_CONVERSION = YES;
				GCC_WARN_ABOUT_RETURN_TYPE = YES_ERROR;
				GCC_WARN_UNDECLARED_SELECTOR = YES;
				GCC_WARN_UNINITIALIZED_AUTOS = YES_AGGRESSIVE;
				GCC_WARN_UNUSED_FUNCTION = YES;
				GCC_WARN_UNUSED_VARIABLE = YES;
				IPHONEOS_DEPLOYMENT_TARGET = 8.0;
				MTL_ENABLE_DEBUG_INFO = INCLUDE_SOURCE;
				MTL_FAST_MATH = YES;
				ONLY_ACTIVE_ARCH = YES;
				SDKROOT = iphoneos;
			};
			name = Debug;
		};
		E43E7C7B21D1077E00D9E31A /* Release */ = {
			isa = XCBuildConfiguration;
			buildSettings = {
				ALWAYS_SEARCH_USER_PATHS = NO;
				CLANG_ANALYZER_NONNULL = YES;
				CLANG_ANALYZER_NUMBER_OBJECT_CONVERSION = YES_AGGRESSIVE;
				CLANG_CXX_LANGUAGE_STANDARD = "gnu++14";
				CLANG_CXX_LIBRARY = "libc++";
				CLANG_ENABLE_MODULES = YES;
				CLANG_ENABLE_OBJC_ARC = YES;
				CLANG_ENABLE_OBJC_WEAK = YES;
				CLANG_WARN_BLOCK_CAPTURE_AUTORELEASING = YES;
				CLANG_WARN_BOOL_CONVERSION = YES;
				CLANG_WARN_COMMA = YES;
				CLANG_WARN_CONSTANT_CONVERSION = YES;
				CLANG_WARN_DEPRECATED_OBJC_IMPLEMENTATIONS = YES;
				CLANG_WARN_DIRECT_OBJC_ISA_USAGE = YES_ERROR;
				CLANG_WARN_DOCUMENTATION_COMMENTS = YES;
				CLANG_WARN_EMPTY_BODY = YES;
				CLANG_WARN_ENUM_CONVERSION = YES;
				CLANG_WARN_INFINITE_RECURSION = YES;
				CLANG_WARN_INT_CONVERSION = YES;
				CLANG_WARN_NON_LITERAL_NULL_CONVERSION = YES;
				CLANG_WARN_OBJC_IMPLICIT_RETAIN_SELF = YES;
				CLANG_WARN_OBJC_LITERAL_CONVERSION = YES;
				CLANG_WARN_OBJC_ROOT_CLASS = YES_ERROR;
				CLANG_WARN_RANGE_LOOP_ANALYSIS = YES;
				CLANG_WARN_STRICT_MPScanCodeDemo_podS = YES;
				CLANG_WARN_SUSPICIOUS_MOVE = YES;
				CLANG_WARN_UNGUARDED_AVAILABILITY = YES_AGGRESSIVE;
				CLANG_WARN_UNREACHABLE_CODE = YES;
				CLANG_WARN__DUPLICATE_METHOD_MATCH = YES;
				CODE_SIGN_IDENTITY = "iPhone Developer";
				COPY_PHASE_STRIP = NO;
				DEBUG_INFORMATION_FORMAT = "dwarf-with-dsym";
				ENABLE_NS_ASSERTIONS = NO;
				ENABLE_STRICT_OBJC_MSGSEND = YES;
				GCC_C_LANGUAGE_STANDARD = gnu11;
				GCC_NO_COMMON_BLOCKS = YES;
				GCC_WARN_64_TO_32_BIT_CONVERSION = YES;
				GCC_WARN_ABOUT_RETURN_TYPE = YES_ERROR;
				GCC_WARN_UNDECLARED_SELECTOR = YES;
				GCC_WARN_UNINITIALIZED_AUTOS = YES_AGGRESSIVE;
				GCC_WARN_UNUSED_FUNCTION = YES;
				GCC_WARN_UNUSED_VARIABLE = YES;
				IPHONEOS_DEPLOYMENT_TARGET = 8.0;
				MTL_ENABLE_DEBUG_INFO = NO;
				MTL_FAST_MATH = YES;
				SDKROOT = iphoneos;
				VALIDATE_PRODUCT = YES;
			};
			name = Release;
		};
		E43E7C7D21D1077E00D9E31A /* Debug */ = {
			isa = XCBuildConfiguration;
			baseConfigurationReference = 12C82DE33AEA23D649D30E66 /* Pods-MPScanCodeDemo_pod.debug.xcconfig */;
			buildSettings = {
				ASSETCATALOG_COMPILER_APPICON_NAME = AppIcon;
				CODE_SIGN_ENTITLEMENTS = MPScanCodeDemo_pod/MPScanCodeDemo_pod.entitlements;
				CODE_SIGN_IDENTITY = "iPhone Developer";
				CODE_SIGN_STYLE = Automatic;
				DEVELOPMENT_TEAM = NWNC46252S;
				ENABLE_BITCODE = NO;
				GCC_PRECOMPILE_PREFIX_HEADER = YES;
				GCC_PREFIX_HEADER = "MPScanCodeDemo_pod/MPScanCodeDemo_pod-Prefix.pch";
				INFOPLIST_FILE = "$(SRCROOT)/MPScanCodeDemo_pod/Info.plist";
				LD_RUNPATH_SEARCH_PATHS = "$(inherited) @executable_path/Frameworks";
				PRODUCT_BUNDLE_IDENTIFIER = com.mpaas.demo;
				PRODUCT_NAME = "$(TARGET_NAME)";
				PROVISIONING_PROFILE_SPECIFIER = "";
				TARGETED_DEVICE_FAMILY = 1;
			};
			name = Debug;
		};
		E43E7C7E21D1077E00D9E31A /* Release */ = {
			isa = XCBuildConfiguration;
			baseConfigurationReference = B8B156C097A660F3C426C448 /* Pods-MPScanCodeDemo_pod.release.xcconfig */;
			buildSettings = {
				ASSETCATALOG_COMPILER_APPICON_NAME = AppIcon;
				CODE_SIGN_ENTITLEMENTS = MPScanCodeDemo_pod/MPScanCodeDemo_pod.entitlements;
				CODE_SIGN_IDENTITY = "iPhone Developer";
				CODE_SIGN_STYLE = Automatic;
				DEVELOPMENT_TEAM = NWNC46252S;
				ENABLE_BITCODE = NO;
				GCC_PRECOMPILE_PREFIX_HEADER = YES;
				GCC_PREFIX_HEADER = "MPScanCodeDemo_pod/MPScanCodeDemo_pod-Prefix.pch";
				INFOPLIST_FILE = "$(SRCROOT)/MPScanCodeDemo_pod/Info.plist";
				LD_RUNPATH_SEARCH_PATHS = "$(inherited) @executable_path/Frameworks";
				PRODUCT_BUNDLE_IDENTIFIER = com.mpaas.demo;
				PRODUCT_NAME = "$(TARGET_NAME)";
				PROVISIONING_PROFILE_SPECIFIER = "";
				TARGETED_DEVICE_FAMILY = 1;
			};
			name = Release;
		};
/* End XCBuildConfiguration section */

/* Begin XCConfigurationList section */
		E43E7C6121D1077E00D9E31A /* Build configuration list for PBXProject "MPScanCodeDemo_pod" */ = {
			isa = XCConfigurationList;
			buildConfigurations = (
				E43E7C7A21D1077E00D9E31A /* Debug */,
				E43E7C7B21D1077E00D9E31A /* Release */,
			);
			defaultConfigurationIsVisible = 0;
			defaultConfigurationName = Release;
		};
		E43E7C7C21D1077E00D9E31A /* Build configuration list for PBXNativeTarget "MPScanCodeDemo_pod" */ = {
			isa = XCConfigurationList;
			buildConfigurations = (
				E43E7C7D21D1077E00D9E31A /* Debug */,
				E43E7C7E21D1077E00D9E31A /* Release */,
			);
			defaultConfigurationIsVisible = 0;
			defaultConfigurationName = Release;
		};
/* End XCConfigurationList section */
	};
	rootObject = E43E7C5E21D1077E00D9E31A /* Project object */;
}
