PODS:
  - AntUI (1.0.0.190906150048)
  - AntUIShellForMpass (1.0.0.200109095318):
    - AntUI
    - MPBadgeService
  - APCommonUI (1.0.0.190917175635):
    - AntUI
  - APCrashReporter (1.0.0.200108195846):
    - APLog
    - APRemoteLogging
    - mPaas
  - APLog (3.0.2.190701174234)
  - APProtocolBuffers (1.0.1.190906170603)
  - APRemoteLogging (1.0.0.200227163723):
    - APProtocolBuffers
    - mPaas
    - UTDID
  - AutoTracker (1.0.0.190909104429):
    - APRemoteLogging
    - mPaas
  - mPaas (1.0.0.200210192055):
    - APLog
  - MPBadgeService (1.0.0.190909104525):
    - MPDataCenter
  - MPDataCenter (1.0.0.190917163242):
    - mPaas
  - MPMasAdapter (1.0.0.200116173050):
    - APCrashReporter
    - APRemoteLogging
    - AutoTracker
    - MPPerformance
  - MPPerformance (1.0.0.190911163314):
    - APRemoteLogging
    - AutoTracker
    - MPDataCenter
    - TianYan
  - TBScanSDK (1.0.0.200108100009):
    - APRemoteLogging
  - TianYan (1.0.0.191211163039)
  - UTDID (1.0.2.190226130141)

DEPENDENCIES:
  - AntUI (= 1.0.0.190906150048)
  - AntUIShellForMpass (= 1.0.0.200109095318)
  - APCommonUI (= 1.0.0.190917175635)
  - APCrashReporter (= 1.0.0.200108195846)
  - APLog (= 3.0.2.190701174234)
  - APProtocolBuffers (= 1.0.1.190906170603)
  - APRemoteLogging (= 1.0.0.200227163723)
  - AutoTracker (= 1.0.0.190909104429)
  - mPaas (= 1.0.0.200210192055)
  - MPBadgeService (= 1.0.0.190909104525)
  - MPDataCenter (= 1.0.0.190917163242)
  - MPMasAdapter (= 1.0.0.200116173050)
  - MPPerformance (= 1.0.0.190911163314)
  - TBScanSDK (= 1.0.0.200108100009)
  - TianYan (= 1.0.0.191211163039)
  - UTDID (= 1.0.2.190226130141)

SPEC REPOS:
  https://code.aliyun.com/mpaas-public/podspecs.git:
    - AntUI
    - AntUIShellForMpass
    - APCommonUI
    - APCrashReporter
    - APLog
    - APProtocolBuffers
    - APRemoteLogging
    - AutoTracker
    - mPaas
    - MPBadgeService
    - MPDataCenter
    - MPMasAdapter
    - MPPerformance
    - TBScanSDK
    - TianYan
    - UTDID

SPEC CHECKSUMS:
  AntUI: 0a4f0417ce055aa091befd17dc1ce3110416241a
  AntUIShellForMpass: 53c3fe628f73d4fdf78d9fc460dab358e6917998
  APCommonUI: 18b361c272629773faf65a790f1d659f1e8a8963
  APCrashReporter: decbbc2a9b5f0dcf29cbf245049820a1fee4a24c
  APLog: 544dd57a9005ba27800828bccd3dfd41d3d7fd14
  APProtocolBuffers: d14ba18b5665b8b445c833e005d6ed8cecceb4cb
  APRemoteLogging: 799b917712b1e015ac8b577fd064838172dd298b
  AutoTracker: 83c5beee8c71d364504f27a3b2abe019dfec0331
  mPaas: d3aeda876d3ecb149f4f43b6d6a3725c11b2ce97
  MPBadgeService: 77c32c1bb5e159e887e06e52e943853341af480b
  MPDataCenter: bbbf8c978d680edacdce1de55ba6b0cdd8707057
  MPMasAdapter: da8e6c09b41b753703b2aaa019d7dd9e014eea96
  MPPerformance: 26b8113e1b51568c514455a1426f6f56be5e0e5f
  TBScanSDK: e3c0764c2719c3106d8c8282f15f9d7311adf635
  TianYan: 86b380a2c931a7fe02159e747db2f9869ecf827b
  UTDID: 2c9434763223c4c7eed0ba36d8af4fe3a664eda7

PODFILE CHECKSUM: e38a991a7f0b05e315b84e82222795e3e5b83a49

COCOAPODS: 1.5.3
